
Microsoft Visual Studio Solution File, Format Version 12.00
# Visual Studio Version 17
VisualStudioVersion = 17.8.34330.188
MinimumVisualStudioVersion = 10.0.40219.1
Project("{FAE04EC0-301F-11D3-BF4B-00C04F79EFBC}") = "MidnightStardew", "MidnightStardew\MidnightStardew.csproj", "{A45C7BC4-88FB-4F23-B501-8D440521F9C7}"
EndProject
Global
	GlobalSection(SolutionConfigurationPlatforms) = preSolution
		Debug|Any CPU = Debug|Any CPU
		Release|Any CPU = Release|Any CPU
	EndGlobalSection
	GlobalSection(ProjectConfigurationPlatforms) = postSolution
		{A45C7BC4-88FB-4F23-B501-8D440521F9C7}.Debug|Any CPU.ActiveCfg = Debug|Any CPU
		{A45C7BC4-88FB-4F23-B501-8D440521F9C7}.Debug|Any CPU.Build.0 = Debug|Any CPU
		{A45C7BC4-88FB-4F23-B501-8D440521F9C7}.Release|Any CPU.ActiveCfg = Release|Any CPU
		{A45C7BC4-88FB-4F23-B501-8D440521F9C7}.Release|Any CPU.Build.0 = Release|Any CPU
	EndGlobalSection
	GlobalSection(SolutionProperties) = preSolution
		HideSolutionNode = FALSE
	EndGlobalSection
	GlobalSection(ExtensibilityGlobals) = postSolution
		SolutionGuid = {88DD7E60-D49A-422B-B6E0-EE6B7971592C}
	EndGlobalSection
EndGlobal
